schema: '2.0'
stages:
  process:
    cmd: python -m flows.process_data
    deps:
    - path: conf/config.yaml
      hash: md5
      md5: 5c3ffa5a7ef3d8cd033a8ddc81f50e08
      size: 109
    - path: conf/dir/default.yaml
      hash: md5
      md5: 87455efd4b4c8ec2135f6a99563c819a
      size: 134
    - path: conf/experiment/default.yaml
      hash: md5
      md5: d7a4485dd221ac6dc16789bb648d4ce3
      size: 210
    - path: data/simulation/outputs.csv
      hash: md5
      md5: c30ba6b4cbdf668e9a512a146dc64649
      size: 7210110
    - path: data/simulation/parameters.csv
      hash: md5
      md5: 92c4848712f234b1990df22f1df85976
      size: 3893437
    - path: flows/process_data.py
      hash: md5
      md5: a5d8168b6aacd3d7b5eb1102fd49af28
      size: 7886
    outs:
    - path: data/processed/test_outputs.csv
      hash: md5
      md5: 322144419ac84968acac51719c66ab15
      size: 207
      isexec: true
    - path: data/processed/test_parameters.csv
      hash: md5
      md5: 9156fd58ee4a11f6cb410f05ddf6f3d4
      size: 118
      isexec: true
    - path: data/processed/train_outputs.csv
      hash: md5
      md5: 358a55ddc322c3328907b40ded57ffa8
      size: 4693365
      isexec: true
    - path: data/processed/train_parameters.csv
      hash: md5
      md5: 44303192f2d688862c204660159bd327
      size: 2765098
      isexec: true
